# THIS IS AN AUTOGENERATED FILE. DO NOT EDIT THIS FILE DIRECTLY.
# yarn lockfile v1


classnames@^2.3.1:
  version "2.3.1"
  resolved "https://registry.npmjs.org/classnames/-/classnames-2.3.1.tgz"
  integrity sha512-OlQdbZ7gLfGarSqxesMesDa5uz7KFbID8Kpq/SxIoNGDqY8lSYs0D+hhtBXhcdB3rcbXArFr7vlHheLk1voeNA==

debounce@^1.2.1:
  version "1.2.1"
  resolved "https://registry.npmjs.org/debounce/-/debounce-1.2.1.tgz"
  integrity sha512-XRRe6Glud4rd/ZGQfiV1ruXSfbvfJedlV9Y6zOlP+2K04vBYiJEte6stfFkCP03aMnY5tsipamumUjL14fofug==

diggerize@^1.0.5:
  version "1.0.5"
  resolved "https://registry.npmjs.org/diggerize/-/diggerize-1.0.5.tgz"
  integrity sha512-DQZM0okJRCslVWAuyR6GCZfb9vdPApymlIq//ax53KxUAwvnUTLegYFIyvPm3oXBYGTdbaUV/iZ4K+NDSahDAA==

"fetching-object@>= 1.0.1":
  version "1.0.1"
  resolved "https://registry.yarnpkg.com/fetching-object/-/fetching-object-1.0.1.tgz#0182826488d05b9008b5cc70b7d92bf4b9f908b4"
  integrity sha512-TzN9rlL9ZGzTbHClKAT+bPYLgKmb4pDTyIJWWmVWQYwVROSXe12dO+l/rosN2+NBLOMDjMu3neTRNhjyj6UMRg==

set-state-compare@^1.0.42:
  version "1.0.42"
  resolved "https://registry.yarnpkg.com/set-state-compare/-/set-state-compare-1.0.42.tgz#38997971dafb2a76bcf8d9a20a36f26635c51220"
  integrity sha512-q/GLqm87Er0+qpK6JUt6Lr2YYJFdLBnxGcP3GyPiY5yWRHBj735MWbxuPsGTUHz/jjB6LWQp7/x6ZeSPMYFSJg==
  dependencies:
    fetching-object ">= 1.0.1"
