# THIS IS AN AUTOGENERATED FILE. DO NOT EDIT THIS FILE DIRECTLY.
# yarn lockfile v1


classnames@^2.3.1:
  version "2.3.1"
  resolved "https://registry.npmjs.org/classnames/-/classnames-2.3.1.tgz"
  integrity sha512-OlQdbZ7gLfGarSqxesMesDa5uz7KFbID8Kpq/SxIoNGDqY8lSYs0D+hhtBXhcdB3rcbXArFr7vlHheLk1voeNA==

debounce@^1.2.1:
  version "1.2.1"
  resolved "https://registry.npmjs.org/debounce/-/debounce-1.2.1.tgz"
  integrity sha512-XRRe6Glud4rd/ZGQfiV1ruXSfbvfJedlV9Y6zOlP+2K04vBYiJEte6stfFkCP03aMnY5tsipamumUjL14fofug==

diggerize@^1.0.5:
  version "1.0.5"
  resolved "https://registry.npmjs.org/diggerize/-/diggerize-1.0.5.tgz"
  integrity sha512-DQZM0okJRCslVWAuyR6GCZfb9vdPApymlIq//ax53KxUAwvnUTLegYFIyvPm3oXBYGTdbaUV/iZ4K+NDSahDAA==
